
Microsoft Visual Studio Solution File, Format Version 12.00
# Visual Studio 15
VisualStudioVersion = 15.0.26730.16
MinimumVisualStudioVersion = 10.0.40219.1
Project("{FAE04EC0-301F-11D3-BF4B-00C04F79EFBC}") = "Calculadora", "Calculadora\Calculadora.csproj", "{0F6C48C6-B4BC-48B4-BFAC-8BE610A7FC98}"
EndProject
Global
	GlobalSection(SolutionConfigurationPlatforms) = preSolution
		Debug|Any CPU = Debug|Any CPU
		Release|Any CPU = Release|Any CPU
	EndGlobalSection
	GlobalSection(ProjectConfigurationPlatforms) = postSolution
		{0F6C48C6-B4BC-48B4-BFAC-8BE610A7FC98}.Debug|Any CPU.ActiveCfg = Debug|Any CPU
		{0F6C48C6-B4BC-48B4-BFAC-8BE610A7FC98}.Debug|Any CPU.Build.0 = Debug|Any CPU
		{0F6C48C6-B4BC-48B4-BFAC-8BE610A7FC98}.Release|Any CPU.ActiveCfg = Release|Any CPU
		{0F6C48C6-B4BC-48B4-BFAC-8BE610A7FC98}.Release|Any CPU.Build.0 = Release|Any CPU
	EndGlobalSection
	GlobalSection(SolutionProperties) = preSolution
		HideSolutionNode = FALSE
	EndGlobalSection
	GlobalSection(ExtensibilityGlobals) = postSolution
		SolutionGuid = {6C4FAEF4-BEA5-4929-A8A2-37DE515ED3F3}
	EndGlobalSection
EndGlobal
